
Microsoft Visual Studio Solution File, Format Version 12.00
# Visual Studio Version 17
VisualStudioVersion = 17.9.34622.214
MinimumVisualStudioVersion = 10.0.40219.1
Project("{9A19103F-16F7-4668-BE54-9A1E7A4F7556}") = "Sample.Core", "Core\Sample.Core\Sample.Core.csproj", "{CDA875F4-FA9F-4495-95E4-8E949DFA3903}"
EndProject
Project("{2150E333-8FDC-42A3-9474-1A3956D46DE8}") = "Core", "Core", "{645C8957-59E3-41B8-BC1B-7794E7416782}"
EndProject
Project("{2150E333-8FDC-42A3-9474-1A3956D46DE8}") = "UI", "UI", "{9C3B7F04-04DB-419C-A5CE-5A54B5819A6D}"
EndProject
Project("{9A19103F-16F7-4668-BE54-9A1E7A4F7556}") = "Sample.UI", "UI\Sample.UI\Sample.UI.csproj", "{8F7FDE9A-38F3-4C1A-A523-DA1742A7D21C}"
EndProject
Project("{2150E333-8FDC-42A3-9474-1A3956D46DE8}") = "AutoCAD", "AutoCAD", "{8C5A1BB7-582D-4463-8DD6-62CE2B93DE1D}"
EndProject
Project("{2150E333-8FDC-42A3-9474-1A3956D46DE8}") = "Revit", "Revit", "{6205B68A-38D5-4D47-8775-33CC2BC58898}"
EndProject
Project("{2150E333-8FDC-42A3-9474-1A3956D46DE8}") = "Rhino", "Rhino", "{BDA72BE0-C6DA-4C45-AA19-E573B93D6C7D}"
EndProject
Project("{2150E333-8FDC-42A3-9474-1A3956D46DE8}") = "DevTool", "DevTool", "{E70C4026-9C87-4B4A-8776-42E104BE64EF}"
EndProject
Project("{9A19103F-16F7-4668-BE54-9A1E7A4F7556}") = "Sample.UI.WPF", "UI\Sample.UI.WPF\Sample.UI.WPF.csproj", "{18960793-02E6-4A74-87C0-E45222F1E479}"
EndProject
Project("{9A19103F-16F7-4668-BE54-9A1E7A4F7556}") = "Sample.UI.WPF.Entry", "UI\Sample.UI.WPF.Entry\Sample.UI.WPF.Entry.csproj", "{06337A98-2FE1-409B-B622-E88D2FDC9D1B}"
EndProject
Project("{9A19103F-16F7-4668-BE54-9A1E7A4F7556}") = "Sample.AutoCAD.2022", "AutoCAD\Sample.AutoCAD.2022\Sample.AutoCAD.2022.csproj", "{4FFACB3C-7E67-402A-839A-670B21830C5D}"
EndProject
Project("{9A19103F-16F7-4668-BE54-9A1E7A4F7556}") = "Sample.AutoCAD.2021", "AutoCAD\Sample.AutoCAD.2021\Sample.AutoCAD.2021.csproj", "{C4800C9A-071D-4274-A308-376C9690AB88}"
EndProject
Project("{9A19103F-16F7-4668-BE54-9A1E7A4F7556}") = "Sample.Geometry", "Core\Sample.Geometry\Sample.Geometry.csproj", "{A4E83150-7ACC-485E-8899-9852B138B6CE}"
EndProject
Project("{9A19103F-16F7-4668-BE54-9A1E7A4F7556}") = "Sample.ActionResultTool", "Core\Sample.ActionResultTool\Sample.ActionResultTool.csproj", "{2E49704D-CCAE-466F-B917-49AE0F16FC14}"
EndProject
Project("{D954291E-2A0B-460D-934E-DC6B0785DB48}") = "Sample.AutoCAD.Shared", "AutoCAD\Sample.AutoCAD.Shared\Sample.AutoCAD.Shared.shproj", "{1A61BD9F-4AE8-4C58-9EBB-029331D9FE05}"
EndProject
Global
	GlobalSection(SolutionConfigurationPlatforms) = preSolution
		Debug|Any CPU = Debug|Any CPU
		Release|Any CPU = Release|Any CPU
	EndGlobalSection
	GlobalSection(ProjectConfigurationPlatforms) = postSolution
		{CDA875F4-FA9F-4495-95E4-8E949DFA3903}.Debug|Any CPU.ActiveCfg = Debug|Any CPU
		{CDA875F4-FA9F-4495-95E4-8E949DFA3903}.Debug|Any CPU.Build.0 = Debug|Any CPU
		{CDA875F4-FA9F-4495-95E4-8E949DFA3903}.Release|Any CPU.ActiveCfg = Release|Any CPU
		{CDA875F4-FA9F-4495-95E4-8E949DFA3903}.Release|Any CPU.Build.0 = Release|Any CPU
		{8F7FDE9A-38F3-4C1A-A523-DA1742A7D21C}.Debug|Any CPU.ActiveCfg = Debug|Any CPU
		{8F7FDE9A-38F3-4C1A-A523-DA1742A7D21C}.Debug|Any CPU.Build.0 = Debug|Any CPU
		{8F7FDE9A-38F3-4C1A-A523-DA1742A7D21C}.Release|Any CPU.ActiveCfg = Release|Any CPU
		{8F7FDE9A-38F3-4C1A-A523-DA1742A7D21C}.Release|Any CPU.Build.0 = Release|Any CPU
		{18960793-02E6-4A74-87C0-E45222F1E479}.Debug|Any CPU.ActiveCfg = Debug|Any CPU
		{18960793-02E6-4A74-87C0-E45222F1E479}.Debug|Any CPU.Build.0 = Debug|Any CPU
		{18960793-02E6-4A74-87C0-E45222F1E479}.Release|Any CPU.ActiveCfg = Release|Any CPU
		{18960793-02E6-4A74-87C0-E45222F1E479}.Release|Any CPU.Build.0 = Release|Any CPU
		{06337A98-2FE1-409B-B622-E88D2FDC9D1B}.Debug|Any CPU.ActiveCfg = Debug|Any CPU
		{06337A98-2FE1-409B-B622-E88D2FDC9D1B}.Debug|Any CPU.Build.0 = Debug|Any CPU
		{06337A98-2FE1-409B-B622-E88D2FDC9D1B}.Release|Any CPU.ActiveCfg = Release|Any CPU
		{06337A98-2FE1-409B-B622-E88D2FDC9D1B}.Release|Any CPU.Build.0 = Release|Any CPU
		{4FFACB3C-7E67-402A-839A-670B21830C5D}.Debug|Any CPU.ActiveCfg = Debug|Any CPU
		{4FFACB3C-7E67-402A-839A-670B21830C5D}.Debug|Any CPU.Build.0 = Debug|Any CPU
		{4FFACB3C-7E67-402A-839A-670B21830C5D}.Release|Any CPU.ActiveCfg = Release|Any CPU
		{4FFACB3C-7E67-402A-839A-670B21830C5D}.Release|Any CPU.Build.0 = Release|Any CPU
		{C4800C9A-071D-4274-A308-376C9690AB88}.Debug|Any CPU.ActiveCfg = Debug|Any CPU
		{C4800C9A-071D-4274-A308-376C9690AB88}.Debug|Any CPU.Build.0 = Debug|Any CPU
		{C4800C9A-071D-4274-A308-376C9690AB88}.Release|Any CPU.ActiveCfg = Release|Any CPU
		{C4800C9A-071D-4274-A308-376C9690AB88}.Release|Any CPU.Build.0 = Release|Any CPU
		{A4E83150-7ACC-485E-8899-9852B138B6CE}.Debug|Any CPU.ActiveCfg = Debug|Any CPU
		{A4E83150-7ACC-485E-8899-9852B138B6CE}.Debug|Any CPU.Build.0 = Debug|Any CPU
		{A4E83150-7ACC-485E-8899-9852B138B6CE}.Release|Any CPU.ActiveCfg = Release|Any CPU
		{A4E83150-7ACC-485E-8899-9852B138B6CE}.Release|Any CPU.Build.0 = Release|Any CPU
		{2E49704D-CCAE-466F-B917-49AE0F16FC14}.Debug|Any CPU.ActiveCfg = Debug|Any CPU
		{2E49704D-CCAE-466F-B917-49AE0F16FC14}.Debug|Any CPU.Build.0 = Debug|Any CPU
		{2E49704D-CCAE-466F-B917-49AE0F16FC14}.Release|Any CPU.ActiveCfg = Release|Any CPU
		{2E49704D-CCAE-466F-B917-49AE0F16FC14}.Release|Any CPU.Build.0 = Release|Any CPU
	EndGlobalSection
	GlobalSection(SolutionProperties) = preSolution
		HideSolutionNode = FALSE
	EndGlobalSection
	GlobalSection(NestedProjects) = preSolution
		{CDA875F4-FA9F-4495-95E4-8E949DFA3903} = {645C8957-59E3-41B8-BC1B-7794E7416782}
		{8F7FDE9A-38F3-4C1A-A523-DA1742A7D21C} = {9C3B7F04-04DB-419C-A5CE-5A54B5819A6D}
		{18960793-02E6-4A74-87C0-E45222F1E479} = {9C3B7F04-04DB-419C-A5CE-5A54B5819A6D}
		{06337A98-2FE1-409B-B622-E88D2FDC9D1B} = {9C3B7F04-04DB-419C-A5CE-5A54B5819A6D}
		{4FFACB3C-7E67-402A-839A-670B21830C5D} = {8C5A1BB7-582D-4463-8DD6-62CE2B93DE1D}
		{C4800C9A-071D-4274-A308-376C9690AB88} = {8C5A1BB7-582D-4463-8DD6-62CE2B93DE1D}
		{A4E83150-7ACC-485E-8899-9852B138B6CE} = {645C8957-59E3-41B8-BC1B-7794E7416782}
		{2E49704D-CCAE-466F-B917-49AE0F16FC14} = {645C8957-59E3-41B8-BC1B-7794E7416782}
		{1A61BD9F-4AE8-4C58-9EBB-029331D9FE05} = {8C5A1BB7-582D-4463-8DD6-62CE2B93DE1D}
	EndGlobalSection
	GlobalSection(ExtensibilityGlobals) = postSolution
		SolutionGuid = {B505A515-2D1E-4783-AFB7-EFA5AC01B2ED}
	EndGlobalSection
	GlobalSection(SharedMSBuildProjectFiles) = preSolution
		AutoCAD\Sample.AutoCAD.Shared\Sample.AutoCAD.Shared.projitems*{1a61bd9f-4ae8-4c58-9ebb-029331d9fe05}*SharedItemsImports = 13
		AutoCAD\Sample.AutoCAD.Shared\Sample.AutoCAD.Shared.projitems*{4ffacb3c-7e67-402a-839a-670b21830c5d}*SharedItemsImports = 5
		AutoCAD\Sample.AutoCAD.Shared\Sample.AutoCAD.Shared.projitems*{c4800c9a-071d-4274-a308-376c9690ab88}*SharedItemsImports = 5
	EndGlobalSection
EndGlobal
